
Microsoft Visual Studio Solution File, Format Version 12.00
# Visual Studio 15
VisualStudioVersion = 15.0.27428.2037
MinimumVisualStudioVersion = 10.0.40219.1
Project("{FAE04EC0-301F-11D3-BF4B-00C04F79EFBC}") = "SharpSugar", "SharpSugar\SharpSugar.csproj", "{5A4845C9-9AED-48F9-B3E9-EF94A31BB72D}"
EndProject
Global
	GlobalSection(SolutionConfigurationPlatforms) = preSolution
		Debug|Any CPU = Debug|Any CPU
		Release|Any CPU = Release|Any CPU
	EndGlobalSection
	GlobalSection(ProjectConfigurationPlatforms) = postSolution
		{5A4845C9-9AED-48F9-B3E9-EF94A31BB72D}.Debug|Any CPU.ActiveCfg = Debug|Any CPU
		{5A4845C9-9AED-48F9-B3E9-EF94A31BB72D}.Debug|Any CPU.Build.0 = Debug|Any CPU
		{5A4845C9-9AED-48F9-B3E9-EF94A31BB72D}.Release|Any CPU.ActiveCfg = Release|Any CPU
		{5A4845C9-9AED-48F9-B3E9-EF94A31BB72D}.Release|Any CPU.Build.0 = Release|Any CPU
	EndGlobalSection
	GlobalSection(SolutionProperties) = preSolution
		HideSolutionNode = FALSE
	EndGlobalSection
	GlobalSection(ExtensibilityGlobals) = postSolution
		SolutionGuid = {54EF62F3-2D65-410C-A7F1-0CA20ADBCF9B}
	EndGlobalSection
EndGlobal
